// !$*UTF8*$!
{
	archiveVersion = 1;
	classes = {
	};
	objectVersion = 46;
	objects = {

/* Begin PBXBuildFile section */
		046E4F18217EA22300DB959C /* vm.cpp in Sources */ = {isa = PBXBuildFile; fileRef = 04F6E080217BE93D0037C307 /* vm.cpp */; };
		046E4F19217EA22300DB959C /* code.cpp in Sources */ = {isa = PBXBuildFile; fileRef = 04F6E066217BE93D0037C307 /* code.cpp */; };
		046E4F1A217EA22300DB959C /* CompositeValue.cpp in Sources */ = {isa = PBXBuildFile; fileRef = 04F6E068217BE93D0037C307 /* CompositeValue.cpp */; };
		046E4F1B217EA22300DB959C /* help.cpp in Sources */ = {isa = PBXBuildFile; fileRef = 04F6E06B217BE93D0037C307 /* help.cpp */; };
		046E4F1D217EA22300DB959C /* VTable.cpp in Sources */ = {isa = PBXBuildFile; fileRef = 04F6E082217BE93D0037C307 /* VTable.cpp */; };
		046E4F1E217EA22300DB959C /* instruction.cpp in Sources */ = {isa = PBXBuildFile; fileRef = 04F6E06F217BE93D0037C307 /* instruction.cpp */; };
		046E4F20217EA22300DB959C /* lazy.cpp in Sources */ = {isa = PBXBuildFile; fileRef = 04F6E071217BE93D0037C307 /* lazy.cpp */; };
		046E4F23217EA22300DB959C /* TypeTraits.cpp in Sources */ = {isa = PBXBuildFile; fileRef = 04F6E092217CCB9C0037C307 /* TypeTraits.cpp */; };
		046E4F24217EA22300DB959C /* Value.cpp in Sources */ = {isa = PBXBuildFile; fileRef = 04F6E07C217BE93D0037C307 /* Value.cpp */; };
		046E4F2D217EA22D00DB959C /* tests.cpp in Sources */ = {isa = PBXBuildFile; fileRef = 04806510217EA1880063ACD5 /* tests.cpp */; };
		04A637F6217F977700436B0F /* parser.cpp in Sources */ = {isa = PBXBuildFile; fileRef = 04A637F4217F977700436B0F /* parser.cpp */; };
		04A637F7217F977700436B0F /* parser.cpp in Sources */ = {isa = PBXBuildFile; fileRef = 04A637F4217F977700436B0F /* parser.cpp */; };
		04A637FA217F992200436B0F /* lexer.cpp in Sources */ = {isa = PBXBuildFile; fileRef = 04A637F9217F992200436B0F /* lexer.cpp */; settings = {COMPILER_FLAGS = "-Wno-old-style-cast"; }; };
		04A637FB217F992200436B0F /* lexer.cpp in Sources */ = {isa = PBXBuildFile; fileRef = 04A637F9217F992200436B0F /* lexer.cpp */; settings = {COMPILER_FLAGS = "-Wno-old-style-cast"; }; };
		04F19E09217FBCB7003AAAE2 /* compiler.cpp in Sources */ = {isa = PBXBuildFile; fileRef = 04F19E08217FBCB7003AAAE2 /* compiler.cpp */; };
		04F19E0A217FBCB7003AAAE2 /* compiler.cpp in Sources */ = {isa = PBXBuildFile; fileRef = 04F19E08217FBCB7003AAAE2 /* compiler.cpp */; };
		04F6E084217BE93D0037C307 /* code.cpp in Sources */ = {isa = PBXBuildFile; fileRef = 04F6E066217BE93D0037C307 /* code.cpp */; };
		04F6E085217BE93D0037C307 /* CompositeValue.cpp in Sources */ = {isa = PBXBuildFile; fileRef = 04F6E068217BE93D0037C307 /* CompositeValue.cpp */; };
		04F6E086217BE93D0037C307 /* help.cpp in Sources */ = {isa = PBXBuildFile; fileRef = 04F6E06B217BE93D0037C307 /* help.cpp */; };
		04F6E088217BE93D0037C307 /* instruction.cpp in Sources */ = {isa = PBXBuildFile; fileRef = 04F6E06F217BE93D0037C307 /* instruction.cpp */; };
		04F6E089217BE93D0037C307 /* lazy.cpp in Sources */ = {isa = PBXBuildFile; fileRef = 04F6E071217BE93D0037C307 /* lazy.cpp */; };
		04F6E08B217BE93D0037C307 /* main.cpp in Sources */ = {isa = PBXBuildFile; fileRef = 04F6E075217BE93D0037C307 /* main.cpp */; };
		04F6E08E217BE93D0037C307 /* Value.cpp in Sources */ = {isa = PBXBuildFile; fileRef = 04F6E07C217BE93D0037C307 /* Value.cpp */; };
		04F6E090217BE93D0037C307 /* vm.cpp in Sources */ = {isa = PBXBuildFile; fileRef = 04F6E080217BE93D0037C307 /* vm.cpp */; };
		04F6E091217BE93D0037C307 /* VTable.cpp in Sources */ = {isa = PBXBuildFile; fileRef = 04F6E082217BE93D0037C307 /* VTable.cpp */; };
		04F6E094217CCB9C0037C307 /* TypeTraits.cpp in Sources */ = {isa = PBXBuildFile; fileRef = 04F6E092217CCB9C0037C307 /* TypeTraits.cpp */; };
/* End PBXBuildFile section */

/* Begin PBXCopyFilesBuildPhase section */
		046E4F28217EA22300DB959C /* CopyFiles */ = {
			isa = PBXCopyFilesBuildPhase;
			buildActionMask = 2147483647;
			dstPath = /usr/share/man/man1/;
			dstSubfolderSpec = 0;
			files = (
			);
			runOnlyForDeploymentPostprocessing = 1;
		};
		04F6E059217BE8FB0037C307 /* CopyFiles */ = {
			isa = PBXCopyFilesBuildPhase;
			buildActionMask = 2147483647;
			dstPath = /usr/share/man/man1/;
			dstSubfolderSpec = 0;
			files = (
			);
			runOnlyForDeploymentPostprocessing = 1;
		};
/* End PBXCopyFilesBuildPhase section */

/* Begin PBXFileReference section */
		046E4F2C217EA22300DB959C /* Tests */ = {isa = PBXFileReference; explicitFileType = "compiled.mach-o.executable"; includeInIndex = 0; path = Tests; sourceTree = BUILT_PRODUCTS_DIR; };
		0480650F217EA1880063ACD5 /* catch.h */ = {isa = PBXFileReference; lastKnownFileType = sourcecode.c.h; path = catch.h; sourceTree = "<group>"; };
		04806510217EA1880063ACD5 /* tests.cpp */ = {isa = PBXFileReference; lastKnownFileType = sourcecode.cpp.cpp; path = tests.cpp; sourceTree = "<group>"; };
		04A637EA217F92E600436B0F /* compiler.h */ = {isa = PBXFileReference; fileEncoding = 4; lastKnownFileType = sourcecode.c.h; path = compiler.h; sourceTree = "<group>"; };
		04A637EB217F92E600436B0F /* impossible.l */ = {isa = PBXFileReference; fileEncoding = 4; lastKnownFileType = sourcecode.lex; path = impossible.l; sourceTree = "<group>"; };
		04A637EC217F92E600436B0F /* impossible.ypp */ = {isa = PBXFileReference; fileEncoding = 4; lastKnownFileType = sourcecode.yacc; path = impossible.ypp; sourceTree = "<group>"; };
		04A637F3217F977700436B0F /* lexer.h */ = {isa = PBXFileReference; fileEncoding = 4; lastKnownFileType = sourcecode.c.h; path = lexer.h; sourceTree = "<group>"; };
		04A637F4217F977700436B0F /* parser.cpp */ = {isa = PBXFileReference; fileEncoding = 4; lastKnownFileType = sourcecode.cpp.cpp; path = parser.cpp; sourceTree = "<group>"; };
		04A637F5217F977700436B0F /* parser.hpp */ = {isa = PBXFileReference; fileEncoding = 4; lastKnownFileType = sourcecode.cpp.h; path = parser.hpp; sourceTree = "<group>"; };
		04A637F9217F992200436B0F /* lexer.cpp */ = {isa = PBXFileReference; fileEncoding = 4; lastKnownFileType = sourcecode.cpp.cpp; path = lexer.cpp; sourceTree = "<group>"; };
		04F19E08217FBCB7003AAAE2 /* compiler.cpp */ = {isa = PBXFileReference; fileEncoding = 4; lastKnownFileType = sourcecode.cpp.cpp; path = compiler.cpp; sourceTree = "<group>"; };
		04F6E05B217BE8FB0037C307 /* Impossible */ = {isa = PBXFileReference; explicitFileType = "compiled.mach-o.executable"; includeInIndex = 0; path = Impossible; sourceTree = BUILT_PRODUCTS_DIR; };
		04F6E066217BE93D0037C307 /* code.cpp */ = {isa = PBXFileReference; fileEncoding = 4; lastKnownFileType = sourcecode.cpp.cpp; name = code.cpp; path = ../../code.cpp; sourceTree = "<group>"; };
		04F6E067217BE93D0037C307 /* code.h */ = {isa = PBXFileReference; fileEncoding = 4; lastKnownFileType = sourcecode.c.h; name = code.h; path = ../../code.h; sourceTree = "<group>"; };
		04F6E068217BE93D0037C307 /* CompositeValue.cpp */ = {isa = PBXFileReference; fileEncoding = 4; lastKnownFileType = sourcecode.cpp.cpp; name = CompositeValue.cpp; path = ../../CompositeValue.cpp; sourceTree = "<group>"; };
		04F6E069217BE93D0037C307 /* CompositeValue.h */ = {isa = PBXFileReference; fileEncoding = 4; lastKnownFileType = sourcecode.c.h; name = CompositeValue.h; path = ../../CompositeValue.h; sourceTree = "<group>"; };
		04F6E06A217BE93D0037C307 /* defines.h */ = {isa = PBXFileReference; fileEncoding = 4; lastKnownFileType = sourcecode.c.h; name = defines.h; path = ../../defines.h; sourceTree = "<group>"; };
		04F6E06B217BE93D0037C307 /* help.cpp */ = {isa = PBXFileReference; fileEncoding = 4; lastKnownFileType = sourcecode.cpp.cpp; name = help.cpp; path = ../../help.cpp; sourceTree = "<group>"; };
		04F6E06C217BE93D0037C307 /* help.h */ = {isa = PBXFileReference; fileEncoding = 4; lastKnownFileType = sourcecode.c.h; name = help.h; path = ../../help.h; sourceTree = "<group>"; };
		04F6E06F217BE93D0037C307 /* instruction.cpp */ = {isa = PBXFileReference; fileEncoding = 4; lastKnownFileType = sourcecode.cpp.cpp; lineEnding = 0; name = instruction.cpp; path = ../../instruction.cpp; sourceTree = "<group>"; xcLanguageSpecificationIdentifier = xcode.lang.cpp; };
		04F6E070217BE93D0037C307 /* instruction.h */ = {isa = PBXFileReference; fileEncoding = 4; lastKnownFileType = sourcecode.c.h; name = instruction.h; path = ../../instruction.h; sourceTree = "<group>"; };
		04F6E071217BE93D0037C307 /* lazy.cpp */ = {isa = PBXFileReference; fileEncoding = 4; lastKnownFileType = sourcecode.cpp.cpp; lineEnding = 0; name = lazy.cpp; path = ../../lazy.cpp; sourceTree = "<group>"; xcLanguageSpecificationIdentifier = xcode.lang.cpp; };
		04F6E072217BE93D0037C307 /* lazy.h */ = {isa = PBXFileReference; fileEncoding = 4; lastKnownFileType = sourcecode.c.h; name = lazy.h; path = ../../lazy.h; sourceTree = "<group>"; };
		04F6E075217BE93D0037C307 /* main.cpp */ = {isa = PBXFileReference; fileEncoding = 4; lastKnownFileType = sourcecode.cpp.cpp; name = main.cpp; path = ../../main.cpp; sourceTree = "<group>"; };
		04F6E076217BE93D0037C307 /* range.h */ = {isa = PBXFileReference; fileEncoding = 4; lastKnownFileType = sourcecode.c.h; name = range.h; path = ../../range.h; sourceTree = "<group>"; };
		04F6E07C217BE93D0037C307 /* Value.cpp */ = {isa = PBXFileReference; fileEncoding = 4; lastKnownFileType = sourcecode.cpp.cpp; name = Value.cpp; path = ../../Value.cpp; sourceTree = "<group>"; };
		04F6E07D217BE93D0037C307 /* Value.h */ = {isa = PBXFileReference; fileEncoding = 4; lastKnownFileType = sourcecode.c.h; name = Value.h; path = ../../Value.h; sourceTree = "<group>"; };
		04F6E080217BE93D0037C307 /* vm.cpp */ = {isa = PBXFileReference; fileEncoding = 4; lastKnownFileType = sourcecode.cpp.cpp; name = vm.cpp; path = ../../vm.cpp; sourceTree = "<group>"; };
		04F6E081217BE93D0037C307 /* vm.h */ = {isa = PBXFileReference; fileEncoding = 4; lastKnownFileType = sourcecode.c.h; name = vm.h; path = ../../vm.h; sourceTree = "<group>"; };
		04F6E082217BE93D0037C307 /* VTable.cpp */ = {isa = PBXFileReference; fileEncoding = 4; lastKnownFileType = sourcecode.cpp.cpp; name = VTable.cpp; path = ../../VTable.cpp; sourceTree = "<group>"; };
		04F6E083217BE93D0037C307 /* VTable.h */ = {isa = PBXFileReference; fileEncoding = 4; lastKnownFileType = sourcecode.c.h; lineEnding = 0; name = VTable.h; path = ../../VTable.h; sourceTree = "<group>"; xcLanguageSpecificationIdentifier = xcode.lang.objcpp; };
		04F6E092217CCB9C0037C307 /* TypeTraits.cpp */ = {isa = PBXFileReference; fileEncoding = 4; lastKnownFileType = sourcecode.cpp.cpp; name = TypeTraits.cpp; path = ../../TypeTraits.cpp; sourceTree = "<group>"; };
		04F6E093217CCB9C0037C307 /* TypeTraits.h */ = {isa = PBXFileReference; fileEncoding = 4; lastKnownFileType = sourcecode.c.h; name = TypeTraits.h; path = ../../TypeTraits.h; sourceTree = "<group>"; };
/* End PBXFileReference section */

/* Begin PBXFrameworksBuildPhase section */
		046E4F27217EA22300DB959C /* Frameworks */ = {
			isa = PBXFrameworksBuildPhase;
			buildActionMask = 2147483647;
			files = (
			);
			runOnlyForDeploymentPostprocessing = 0;
		};
		04F6E058217BE8FB0037C307 /* Frameworks */ = {
			isa = PBXFrameworksBuildPhase;
			buildActionMask = 2147483647;
			files = (
			);
			runOnlyForDeploymentPostprocessing = 0;
		};
/* End PBXFrameworksBuildPhase section */

/* Begin PBXGroup section */
		0480650E217EA1880063ACD5 /* tests */ = {
			isa = PBXGroup;
			children = (
				0480650F217EA1880063ACD5 /* catch.h */,
				04806510217EA1880063ACD5 /* tests.cpp */,
			);
			name = tests;
			path = ../../tests;
			sourceTree = "<group>";
		};
		04A637E9217F92E600436B0F /* parser */ = {
			isa = PBXGroup;
			children = (
				04A637F9217F992200436B0F /* lexer.cpp */,
				04A637F3217F977700436B0F /* lexer.h */,
				04A637F4217F977700436B0F /* parser.cpp */,
				04A637F5217F977700436B0F /* parser.hpp */,
				04F19E08217FBCB7003AAAE2 /* compiler.cpp */,
				04A637EA217F92E600436B0F /* compiler.h */,
				04A637EB217F92E600436B0F /* impossible.l */,
				04A637EC217F92E600436B0F /* impossible.ypp */,
			);
			name = parser;
			path = ../../parser;
			sourceTree = "<group>";
		};
		04F6E052217BE8FB0037C307 = {
			isa = PBXGroup;
			children = (
				04F6E065217BE9350037C307 /* src */,
				04F6E05C217BE8FB0037C307 /* Products */,
			);
			sourceTree = "<group>";
		};
		04F6E05C217BE8FB0037C307 /* Products */ = {
			isa = PBXGroup;
			children = (
				04F6E05B217BE8FB0037C307 /* Impossible */,
				046E4F2C217EA22300DB959C /* Tests */,
			);
			name = Products;
			sourceTree = "<group>";
		};
		04F6E065217BE9350037C307 /* src */ = {
			isa = PBXGroup;
			children = (
				0480650E217EA1880063ACD5 /* tests */,
				04A637E9217F92E600436B0F /* parser */,
				04F6E066217BE93D0037C307 /* code.cpp */,
				04F6E067217BE93D0037C307 /* code.h */,
				04F6E068217BE93D0037C307 /* CompositeValue.cpp */,
				04F6E069217BE93D0037C307 /* CompositeValue.h */,
				04F6E06A217BE93D0037C307 /* defines.h */,
				04F6E06B217BE93D0037C307 /* help.cpp */,
				04F6E06C217BE93D0037C307 /* help.h */,
				04F6E06F217BE93D0037C307 /* instruction.cpp */,
				04F6E070217BE93D0037C307 /* instruction.h */,
				04F6E071217BE93D0037C307 /* lazy.cpp */,
				04F6E072217BE93D0037C307 /* lazy.h */,
				04F6E075217BE93D0037C307 /* main.cpp */,
				04F6E076217BE93D0037C307 /* range.h */,
				04F6E092217CCB9C0037C307 /* TypeTraits.cpp */,
				04F6E093217CCB9C0037C307 /* TypeTraits.h */,
				04F6E07C217BE93D0037C307 /* Value.cpp */,
				04F6E07D217BE93D0037C307 /* Value.h */,
				04F6E080217BE93D0037C307 /* vm.cpp */,
				04F6E081217BE93D0037C307 /* vm.h */,
				04F6E082217BE93D0037C307 /* VTable.cpp */,
				04F6E083217BE93D0037C307 /* VTable.h */,
			);
			name = src;
			sourceTree = "<group>";
		};
/* End PBXGroup section */

/* Begin PBXNativeTarget section */
		046E4F16217EA22300DB959C /* Tests */ = {
			isa = PBXNativeTarget;
			buildConfigurationList = 046E4F29217EA22300DB959C /* Build configuration list for PBXNativeTarget "Tests" */;
			buildPhases = (
				046E4F17217EA22300DB959C /* Sources */,
				046E4F27217EA22300DB959C /* Frameworks */,
				046E4F28217EA22300DB959C /* CopyFiles */,
			);
			buildRules = (
			);
			dependencies = (
			);
			name = Tests;
			productName = Impossible;
			productReference = 046E4F2C217EA22300DB959C /* Tests */;
			productType = "com.apple.product-type.tool";
		};
		04F6E05A217BE8FB0037C307 /* Impossible */ = {
			isa = PBXNativeTarget;
			buildConfigurationList = 04F6E062217BE8FB0037C307 /* Build configuration list for PBXNativeTarget "Impossible" */;
			buildPhases = (
				04F6E057217BE8FB0037C307 /* Sources */,
				04F6E058217BE8FB0037C307 /* Frameworks */,
				04F6E059217BE8FB0037C307 /* CopyFiles */,
			);
			buildRules = (
			);
			dependencies = (
			);
			name = Impossible;
			productName = Impossible;
			productReference = 04F6E05B217BE8FB0037C307 /* Impossible */;
			productType = "com.apple.product-type.tool";
		};
/* End PBXNativeTarget section */

/* Begin PBXProject section */
		04F6E053217BE8FB0037C307 /* Project object */ = {
			isa = PBXProject;
			attributes = {
				LastUpgradeCheck = 0810;
				ORGANIZATIONNAME = Jack;
				TargetAttributes = {
					04F6E05A217BE8FB0037C307 = {
						CreatedOnToolsVersion = 8.1;
						ProvisioningStyle = Automatic;
					};
				};
			};
			buildConfigurationList = 04F6E056217BE8FB0037C307 /* Build configuration list for PBXProject "Impossible" */;
			compatibilityVersion = "Xcode 3.2";
			developmentRegion = English;
			hasScannedForEncodings = 0;
			knownRegions = (
				en,
			);
			mainGroup = 04F6E052217BE8FB0037C307;
			productRefGroup = 04F6E05C217BE8FB0037C307 /* Products */;
			projectDirPath = "";
			projectRoot = "";
			targets = (
				04F6E05A217BE8FB0037C307 /* Impossible */,
				046E4F16217EA22300DB959C /* Tests */,
			);
		};
/* End PBXProject section */

/* Begin PBXSourcesBuildPhase section */
		046E4F17217EA22300DB959C /* Sources */ = {
			isa = PBXSourcesBuildPhase;
			buildActionMask = 2147483647;
			files = (
				046E4F2D217EA22D00DB959C /* tests.cpp in Sources */,
				046E4F18217EA22300DB959C /* vm.cpp in Sources */,
				04A637FB217F992200436B0F /* lexer.cpp in Sources */,
				046E4F19217EA22300DB959C /* code.cpp in Sources */,
				046E4F1A217EA22300DB959C /* CompositeValue.cpp in Sources */,
				04A637F7217F977700436B0F /* parser.cpp in Sources */,
				046E4F1B217EA22300DB959C /* help.cpp in Sources */,
				046E4F1D217EA22300DB959C /* VTable.cpp in Sources */,
				046E4F1E217EA22300DB959C /* instruction.cpp in Sources */,
				046E4F20217EA22300DB959C /* lazy.cpp in Sources */,
				046E4F23217EA22300DB959C /* TypeTraits.cpp in Sources */,
				04F19E0A217FBCB7003AAAE2 /* compiler.cpp in Sources */,
				046E4F24217EA22300DB959C /* Value.cpp in Sources */,
			);
			runOnlyForDeploymentPostprocessing = 0;
		};
		04F6E057217BE8FB0037C307 /* Sources */ = {
			isa = PBXSourcesBuildPhase;
			buildActionMask = 2147483647;
			files = (
				04F6E090217BE93D0037C307 /* vm.cpp in Sources */,
				04F6E084217BE93D0037C307 /* code.cpp in Sources */,
				04A637FA217F992200436B0F /* lexer.cpp in Sources */,
				04F6E085217BE93D0037C307 /* CompositeValue.cpp in Sources */,
				04F6E086217BE93D0037C307 /* help.cpp in Sources */,
				04A637F6217F977700436B0F /* parser.cpp in Sources */,
				04F6E091217BE93D0037C307 /* VTable.cpp in Sources */,
				04F6E088217BE93D0037C307 /* instruction.cpp in Sources */,
				04F6E089217BE93D0037C307 /* lazy.cpp in Sources */,
				04F6E08B217BE93D0037C307 /* main.cpp in Sources */,
				04F6E094217CCB9C0037C307 /* TypeTraits.cpp in Sources */,
				04F6E08E217BE93D0037C307 /* Value.cpp in Sources */,
				04F19E09217FBCB7003AAAE2 /* compiler.cpp in Sources */,
			);
			runOnlyForDeploymentPostprocessing = 0;
		};
/* End PBXSourcesBuildPhase section */

/* Begin XCBuildConfiguration section */
		046E4F2A217EA22300DB959C /* Debug */ = {
			isa = XCBuildConfiguration;
			buildSettings = {
				PRODUCT_NAME = "$(TARGET_NAME)";
			};
			name = Debug;
		};
		046E4F2B217EA22300DB959C /* Release */ = {
			isa = XCBuildConfiguration;
			buildSettings = {
				PRODUCT_NAME = "$(TARGET_NAME)";
			};
			name = Release;
		};
		04F6E060217BE8FB0037C307 /* Debug */ = {
			isa = XCBuildConfiguration;
			buildSettings = {
				ALWAYS_SEARCH_USER_PATHS = NO;
				CLANG_ANALYZER_NONNULL = YES;
				CLANG_CXX_LANGUAGE_STANDARD = "gnu++14";
				CLANG_CXX_LIBRARY = "libc++";
				CLANG_ENABLE_MODULES = YES;
				CLANG_ENABLE_OBJC_ARC = YES;
				CLANG_WARN_BOOL_CONVERSION = YES;
				CLANG_WARN_CONSTANT_CONVERSION = YES;
				CLANG_WARN_DIRECT_OBJC_ISA_USAGE = YES_ERROR;
				CLANG_WARN_DOCUMENTATION_COMMENTS = YES;
				CLANG_WARN_EMPTY_BODY = YES;
				CLANG_WARN_ENUM_CONVERSION = YES;
				CLANG_WARN_INFINITE_RECURSION = YES;
				CLANG_WARN_INT_CONVERSION = YES;
				CLANG_WARN_OBJC_ROOT_CLASS = YES_ERROR;
				CLANG_WARN_SUSPICIOUS_MOVES = YES;
				CLANG_WARN_UNREACHABLE_CODE = YES;
				CLANG_WARN__DUPLICATE_METHOD_MATCH = YES;
				CODE_SIGN_IDENTITY = "-";
				COPY_PHASE_STRIP = NO;
				DEBUG_INFORMATION_FORMAT = dwarf;
				ENABLE_STRICT_OBJC_MSGSEND = YES;
				ENABLE_TESTABILITY = YES;
				GCC_DYNAMIC_NO_PIC = NO;
				GCC_NO_COMMON_BLOCKS = YES;
				GCC_OPTIMIZATION_LEVEL = 0;
				GCC_PREPROCESSOR_DEFINITIONS = (
					"DEBUG=1",
					"$(inherited)",
				);
				GCC_WARN_64_TO_32_BIT_CONVERSION = YES;
				GCC_WARN_ABOUT_RETURN_TYPE = YES_ERROR;
				GCC_WARN_UNDECLARED_SELECTOR = YES;
				GCC_WARN_UNINITIALIZED_AUTOS = YES_AGGRESSIVE;
				GCC_WARN_UNUSED_FUNCTION = YES;
				GCC_WARN_UNUSED_VARIABLE = YES;
				HEADER_SEARCH_PATHS = /usr/local/opt/flex/include/;
				MACOSX_DEPLOYMENT_TARGET = 10.11;
				MTL_ENABLE_DEBUG_INFO = YES;
				ONLY_ACTIVE_ARCH = YES;
				SDKROOT = macosx;
				WARNING_CFLAGS = (
					"-Wno-deprecated-register",
					"-Wold-style-cast",
				);
			};
			name = Debug;
		};
		04F6E061217BE8FB0037C307 /* Release */ = {
			isa = XCBuildConfiguration;
			buildSettings = {
				ALWAYS_SEARCH_USER_PATHS = NO;
				CLANG_ANALYZER_NONNULL = YES;
				CLANG_CXX_LANGUAGE_STANDARD = "gnu++14";
				CLANG_CXX_LIBRARY = "libc++";
				CLANG_ENABLE_MODULES = YES;
				CLANG_ENABLE_OBJC_ARC = YES;
				CLANG_WARN_BOOL_CONVERSION = YES;
				CLANG_WARN_CONSTANT_CONVERSION = YES;
				CLANG_WARN_DIRECT_OBJC_ISA_USAGE = YES_ERROR;
				CLANG_WARN_DOCUMENTATION_COMMENTS = YES;
				CLANG_WARN_EMPTY_BODY = YES;
				CLANG_WARN_ENUM_CONVERSION = YES;
				CLANG_WARN_INFINITE_RECURSION = YES;
				CLANG_WARN_INT_CONVERSION = YES;
				CLANG_WARN_OBJC_ROOT_CLASS = YES_ERROR;
				CLANG_WARN_SUSPICIOUS_MOVES = YES;
				CLANG_WARN_UNREACHABLE_CODE = YES;
				CLANG_WARN__DUPLICATE_METHOD_MATCH = YES;
				CODE_SIGN_IDENTITY = "-";
				COPY_PHASE_STRIP = NO;
				DEBUG_INFORMATION_FORMAT = "dwarf-with-dsym";
				ENABLE_NS_ASSERTIONS = NO;
				ENABLE_STRICT_OBJC_MSGSEND = YES;
				GCC_NO_COMMON_BLOCKS = YES;
				GCC_WARN_64_TO_32_BIT_CONVERSION = YES;
				GCC_WARN_ABOUT_RETURN_TYPE = YES_ERROR;
				GCC_WARN_UNDECLARED_SELECTOR = YES;
				GCC_WARN_UNINITIALIZED_AUTOS = YES_AGGRESSIVE;
				GCC_WARN_UNUSED_FUNCTION = YES;
				GCC_WARN_UNUSED_VARIABLE = YES;
				HEADER_SEARCH_PATHS = /usr/local/opt/flex/include/;
				MACOSX_DEPLOYMENT_TARGET = 10.11;
				MTL_ENABLE_DEBUG_INFO = NO;
				SDKROOT = macosx;
				WARNING_CFLAGS = (
					"-Wno-deprecated-register",
					"-Wold-style-cast",
				);
			};
			name = Release;
		};
		04F6E063217BE8FB0037C307 /* Debug */ = {
			isa = XCBuildConfiguration;
			buildSettings = {
				PRODUCT_NAME = "$(TARGET_NAME)";
			};
			name = Debug;
		};
		04F6E064217BE8FB0037C307 /* Release */ = {
			isa = XCBuildConfiguration;
			buildSettings = {
				PRODUCT_NAME = "$(TARGET_NAME)";
			};
			name = Release;
		};
/* End XCBuildConfiguration section */

/* Begin XCConfigurationList section */
		046E4F29217EA22300DB959C /* Build configuration list for PBXNativeTarget "Tests" */ = {
			isa = XCConfigurationList;
			buildConfigurations = (
				046E4F2A217EA22300DB959C /* Debug */,
				046E4F2B217EA22300DB959C /* Release */,
			);
			defaultConfigurationIsVisible = 0;
			defaultConfigurationName = Release;
		};
		04F6E056217BE8FB0037C307 /* Build configuration list for PBXProject "Impossible" */ = {
			isa = XCConfigurationList;
			buildConfigurations = (
				04F6E060217BE8FB0037C307 /* Debug */,
				04F6E061217BE8FB0037C307 /* Release */,
			);
			defaultConfigurationIsVisible = 0;
			defaultConfigurationName = Release;
		};
		04F6E062217BE8FB0037C307 /* Build configuration list for PBXNativeTarget "Impossible" */ = {
			isa = XCConfigurationList;
			buildConfigurations = (
				04F6E063217BE8FB0037C307 /* Debug */,
				04F6E064217BE8FB0037C307 /* Release */,
			);
			defaultConfigurationIsVisible = 0;
			defaultConfigurationName = Release;
		};
/* End XCConfigurationList section */
	};
	rootObject = 04F6E053217BE8FB0037C307 /* Project object */;
}
