// !$*UTF8*$!
{
	archiveVersion = 1;
	classes = {
	};
	objectVersion = 46;
	objects = {

/* Begin PBXBuildFile section */
		04B0F1AF1FEB06580029E0C3 /* code.cpp in Sources */ = {isa = PBXBuildFile; fileRef = 04B0F1A11FEB06580029E0C3 /* code.cpp */; };
		04B0F1B01FEB06580029E0C3 /* CompositeValue.cpp in Sources */ = {isa = PBXBuildFile; fileRef = 04B0F1A21FEB06580029E0C3 /* CompositeValue.cpp */; };
		04B0F1B11FEB06580029E0C3 /* help.cpp in Sources */ = {isa = PBXBuildFile; fileRef = 04B0F1A31FEB06580029E0C3 /* help.cpp */; };
		04B0F1B21FEB06580029E0C3 /* impossible.tab.cpp in Sources */ = {isa = PBXBuildFile; fileRef = 04B0F1A41FEB06580029E0C3 /* impossible.tab.cpp */; };
		04B0F1B31FEB06580029E0C3 /* instruction.cpp in Sources */ = {isa = PBXBuildFile; fileRef = 04B0F1A51FEB06580029E0C3 /* instruction.cpp */; };
		04B0F1B41FEB06580029E0C3 /* lazy.cpp in Sources */ = {isa = PBXBuildFile; fileRef = 04B0F1A61FEB06580029E0C3 /* lazy.cpp */; };
		04B0F1B51FEB06580029E0C3 /* main.cpp in Sources */ = {isa = PBXBuildFile; fileRef = 04B0F1A71FEB06580029E0C3 /* main.cpp */; };
		04B0F1B61FEB06580029E0C3 /* SimpleValue.cpp in Sources */ = {isa = PBXBuildFile; fileRef = 04B0F1A81FEB06580029E0C3 /* SimpleValue.cpp */; };
		04B0F1B71FEB06580029E0C3 /* tests.cpp in Sources */ = {isa = PBXBuildFile; fileRef = 04B0F1A91FEB06580029E0C3 /* tests.cpp */; };
		04B0F1B81FEB06580029E0C3 /* Value.cpp in Sources */ = {isa = PBXBuildFile; fileRef = 04B0F1AA1FEB06580029E0C3 /* Value.cpp */; };
		04B0F1B91FEB06580029E0C3 /* Values.cpp in Sources */ = {isa = PBXBuildFile; fileRef = 04B0F1AB1FEB06580029E0C3 /* Values.cpp */; };
		04B0F1BA1FEB06580029E0C3 /* vm.cpp in Sources */ = {isa = PBXBuildFile; fileRef = 04B0F1AC1FEB06580029E0C3 /* vm.cpp */; };
		04B0F1BB1FEB06580029E0C3 /* VTable.cpp in Sources */ = {isa = PBXBuildFile; fileRef = 04B0F1AD1FEB06580029E0C3 /* VTable.cpp */; };
		04B0F1BF1FEB08920029E0C3 /* lex.yy.cpp in Sources */ = {isa = PBXBuildFile; fileRef = 04B0F1BE1FEB08920029E0C3 /* lex.yy.cpp */; };
/* End PBXBuildFile section */

/* Begin PBXCopyFilesBuildPhase section */
		04B0F1811FEB05740029E0C3 /* CopyFiles */ = {
			isa = PBXCopyFilesBuildPhase;
			buildActionMask = 2147483647;
			dstPath = /usr/share/man/man1/;
			dstSubfolderSpec = 0;
			files = (
			);
			runOnlyForDeploymentPostprocessing = 1;
		};
/* End PBXCopyFilesBuildPhase section */

/* Begin PBXFileReference section */
		04B0F1831FEB05740029E0C3 /* Impossible */ = {isa = PBXFileReference; explicitFileType = "compiled.mach-o.executable"; includeInIndex = 0; path = Impossible; sourceTree = BUILT_PRODUCTS_DIR; };
		04B0F1901FEB06580029E0C3 /* code.h */ = {isa = PBXFileReference; fileEncoding = 4; lastKnownFileType = sourcecode.c.h; name = code.h; path = ../code.h; sourceTree = "<group>"; };
		04B0F1911FEB06580029E0C3 /* CompositeValue.h */ = {isa = PBXFileReference; fileEncoding = 4; lastKnownFileType = sourcecode.c.h; name = CompositeValue.h; path = ../CompositeValue.h; sourceTree = "<group>"; };
		04B0F1921FEB06580029E0C3 /* defines.h */ = {isa = PBXFileReference; fileEncoding = 4; lastKnownFileType = sourcecode.c.h; name = defines.h; path = ../defines.h; sourceTree = "<group>"; };
		04B0F1931FEB06580029E0C3 /* help.h */ = {isa = PBXFileReference; fileEncoding = 4; lastKnownFileType = sourcecode.c.h; name = help.h; path = ../help.h; sourceTree = "<group>"; };
		04B0F1941FEB06580029E0C3 /* instruction.h */ = {isa = PBXFileReference; fileEncoding = 4; lastKnownFileType = sourcecode.c.h; name = instruction.h; path = ../instruction.h; sourceTree = "<group>"; };
		04B0F1951FEB06580029E0C3 /* lazy.h */ = {isa = PBXFileReference; fileEncoding = 4; lastKnownFileType = sourcecode.c.h; name = lazy.h; path = ../lazy.h; sourceTree = "<group>"; };
		04B0F1961FEB06580029E0C3 /* lex.yy.h */ = {isa = PBXFileReference; fileEncoding = 4; lastKnownFileType = sourcecode.c.h; name = lex.yy.h; path = ../lex.yy.h; sourceTree = "<group>"; };
		04B0F1971FEB06580029E0C3 /* range.h */ = {isa = PBXFileReference; fileEncoding = 4; lastKnownFileType = sourcecode.c.h; name = range.h; path = ../range.h; sourceTree = "<group>"; };
		04B0F1981FEB06580029E0C3 /* SimpleValue.h */ = {isa = PBXFileReference; fileEncoding = 4; lastKnownFileType = sourcecode.c.h; name = SimpleValue.h; path = ../SimpleValue.h; sourceTree = "<group>"; };
		04B0F1991FEB06580029E0C3 /* tests.h */ = {isa = PBXFileReference; fileEncoding = 4; lastKnownFileType = sourcecode.c.h; name = tests.h; path = ../tests.h; sourceTree = "<group>"; };
		04B0F19A1FEB06580029E0C3 /* TypeUtils.h */ = {isa = PBXFileReference; fileEncoding = 4; lastKnownFileType = sourcecode.c.h; name = TypeUtils.h; path = ../TypeUtils.h; sourceTree = "<group>"; };
		04B0F19B1FEB06580029E0C3 /* Value.h */ = {isa = PBXFileReference; fileEncoding = 4; lastKnownFileType = sourcecode.c.h; name = Value.h; path = ../Value.h; sourceTree = "<group>"; };
		04B0F19C1FEB06580029E0C3 /* Values.h */ = {isa = PBXFileReference; fileEncoding = 4; lastKnownFileType = sourcecode.c.h; name = Values.h; path = ../Values.h; sourceTree = "<group>"; };
		04B0F19D1FEB06580029E0C3 /* vm.h */ = {isa = PBXFileReference; fileEncoding = 4; lastKnownFileType = sourcecode.c.h; name = vm.h; path = ../vm.h; sourceTree = "<group>"; };
		04B0F19E1FEB06580029E0C3 /* VTable.h */ = {isa = PBXFileReference; fileEncoding = 4; lastKnownFileType = sourcecode.c.h; name = VTable.h; path = ../VTable.h; sourceTree = "<group>"; };
		04B0F1A01FEB06580029E0C3 /* impossible.tab.hpp */ = {isa = PBXFileReference; fileEncoding = 4; lastKnownFileType = sourcecode.cpp.h; name = impossible.tab.hpp; path = ../impossible.tab.hpp; sourceTree = "<group>"; };
		04B0F1A11FEB06580029E0C3 /* code.cpp */ = {isa = PBXFileReference; fileEncoding = 4; lastKnownFileType = sourcecode.cpp.cpp; name = code.cpp; path = ../code.cpp; sourceTree = "<group>"; };
		04B0F1A21FEB06580029E0C3 /* CompositeValue.cpp */ = {isa = PBXFileReference; fileEncoding = 4; lastKnownFileType = sourcecode.cpp.cpp; name = CompositeValue.cpp; path = ../CompositeValue.cpp; sourceTree = "<group>"; };
		04B0F1A31FEB06580029E0C3 /* help.cpp */ = {isa = PBXFileReference; fileEncoding = 4; lastKnownFileType = sourcecode.cpp.cpp; name = help.cpp; path = ../help.cpp; sourceTree = "<group>"; };
		04B0F1A41FEB06580029E0C3 /* impossible.tab.cpp */ = {isa = PBXFileReference; fileEncoding = 4; lastKnownFileType = sourcecode.cpp.cpp; name = impossible.tab.cpp; path = ../impossible.tab.cpp; sourceTree = "<group>"; };
		04B0F1A51FEB06580029E0C3 /* instruction.cpp */ = {isa = PBXFileReference; fileEncoding = 4; lastKnownFileType = sourcecode.cpp.cpp; name = instruction.cpp; path = ../instruction.cpp; sourceTree = "<group>"; };
		04B0F1A61FEB06580029E0C3 /* lazy.cpp */ = {isa = PBXFileReference; fileEncoding = 4; lastKnownFileType = sourcecode.cpp.cpp; name = lazy.cpp; path = ../lazy.cpp; sourceTree = "<group>"; };
		04B0F1A71FEB06580029E0C3 /* main.cpp */ = {isa = PBXFileReference; fileEncoding = 4; lastKnownFileType = sourcecode.cpp.cpp; name = main.cpp; path = ../main.cpp; sourceTree = "<group>"; };
		04B0F1A81FEB06580029E0C3 /* SimpleValue.cpp */ = {isa = PBXFileReference; fileEncoding = 4; lastKnownFileType = sourcecode.cpp.cpp; name = SimpleValue.cpp; path = ../SimpleValue.cpp; sourceTree = "<group>"; };
		04B0F1A91FEB06580029E0C3 /* tests.cpp */ = {isa = PBXFileReference; fileEncoding = 4; lastKnownFileType = sourcecode.cpp.cpp; name = tests.cpp; path = ../tests.cpp; sourceTree = "<group>"; };
		04B0F1AA1FEB06580029E0C3 /* Value.cpp */ = {isa = PBXFileReference; fileEncoding = 4; lastKnownFileType = sourcecode.cpp.cpp; name = Value.cpp; path = ../Value.cpp; sourceTree = "<group>"; };
		04B0F1AB1FEB06580029E0C3 /* Values.cpp */ = {isa = PBXFileReference; fileEncoding = 4; lastKnownFileType = sourcecode.cpp.cpp; name = Values.cpp; path = ../Values.cpp; sourceTree = "<group>"; };
		04B0F1AC1FEB06580029E0C3 /* vm.cpp */ = {isa = PBXFileReference; fileEncoding = 4; lastKnownFileType = sourcecode.cpp.cpp; name = vm.cpp; path = ../vm.cpp; sourceTree = "<group>"; };
		04B0F1AD1FEB06580029E0C3 /* VTable.cpp */ = {isa = PBXFileReference; fileEncoding = 4; lastKnownFileType = sourcecode.cpp.cpp; name = VTable.cpp; path = ../VTable.cpp; sourceTree = "<group>"; };
		04B0F1BE1FEB08920029E0C3 /* lex.yy.cpp */ = {isa = PBXFileReference; fileEncoding = 4; lastKnownFileType = sourcecode.cpp.cpp; name = lex.yy.cpp; path = ../lex.yy.cpp; sourceTree = "<group>"; };
/* End PBXFileReference section */

/* Begin PBXFrameworksBuildPhase section */
		04B0F1801FEB05740029E0C3 /* Frameworks */ = {
			isa = PBXFrameworksBuildPhase;
			buildActionMask = 2147483647;
			files = (
			);
			runOnlyForDeploymentPostprocessing = 0;
		};
/* End PBXFrameworksBuildPhase section */

/* Begin PBXGroup section */
		04B0F17A1FEB05740029E0C3 = {
			isa = PBXGroup;
			children = (
				04B0F18D1FEB059E0029E0C3 /* src */,
				04B0F1841FEB05740029E0C3 /* Products */,
			);
			sourceTree = "<group>";
		};
		04B0F1841FEB05740029E0C3 /* Products */ = {
			isa = PBXGroup;
			children = (
				04B0F1831FEB05740029E0C3 /* Impossible */,
			);
			name = Products;
			sourceTree = "<group>";
		};
		04B0F18D1FEB059E0029E0C3 /* src */ = {
			isa = PBXGroup;
			children = (
				04B0F1A11FEB06580029E0C3 /* code.cpp */,
				04B0F1901FEB06580029E0C3 /* code.h */,
				04B0F1A21FEB06580029E0C3 /* CompositeValue.cpp */,
				04B0F1911FEB06580029E0C3 /* CompositeValue.h */,
				04B0F1921FEB06580029E0C3 /* defines.h */,
				04B0F1A31FEB06580029E0C3 /* help.cpp */,
				04B0F1931FEB06580029E0C3 /* help.h */,
				04B0F1A41FEB06580029E0C3 /* impossible.tab.cpp */,
				04B0F1A01FEB06580029E0C3 /* impossible.tab.hpp */,
				04B0F1A51FEB06580029E0C3 /* instruction.cpp */,
				04B0F1941FEB06580029E0C3 /* instruction.h */,
				04B0F1A61FEB06580029E0C3 /* lazy.cpp */,
				04B0F1951FEB06580029E0C3 /* lazy.h */,
				04B0F1961FEB06580029E0C3 /* lex.yy.h */,
				04B0F1BE1FEB08920029E0C3 /* lex.yy.cpp */,
				04B0F1A71FEB06580029E0C3 /* main.cpp */,
				04B0F1971FEB06580029E0C3 /* range.h */,
				04B0F1A81FEB06580029E0C3 /* SimpleValue.cpp */,
				04B0F1981FEB06580029E0C3 /* SimpleValue.h */,
				04B0F1A91FEB06580029E0C3 /* tests.cpp */,
				04B0F1991FEB06580029E0C3 /* tests.h */,
				04B0F19A1FEB06580029E0C3 /* TypeUtils.h */,
				04B0F1AA1FEB06580029E0C3 /* Value.cpp */,
				04B0F19B1FEB06580029E0C3 /* Value.h */,
				04B0F1AB1FEB06580029E0C3 /* Values.cpp */,
				04B0F19C1FEB06580029E0C3 /* Values.h */,
				04B0F1AC1FEB06580029E0C3 /* vm.cpp */,
				04B0F19D1FEB06580029E0C3 /* vm.h */,
				04B0F1AD1FEB06580029E0C3 /* VTable.cpp */,
				04B0F19E1FEB06580029E0C3 /* VTable.h */,
			);
			name = src;
			sourceTree = SOURCE_ROOT;
		};
/* End PBXGroup section */

/* Begin PBXNativeTarget section */
		04B0F1821FEB05740029E0C3 /* Impossible */ = {
			isa = PBXNativeTarget;
			buildConfigurationList = 04B0F18A1FEB05740029E0C3 /* Build configuration list for PBXNativeTarget "Impossible" */;
			buildPhases = (
				04B0F17F1FEB05740029E0C3 /* Sources */,
				04B0F1801FEB05740029E0C3 /* Frameworks */,
				04B0F1811FEB05740029E0C3 /* CopyFiles */,
			);
			buildRules = (
			);
			dependencies = (
			);
			name = Impossible;
			productName = Impossible;
			productReference = 04B0F1831FEB05740029E0C3 /* Impossible */;
			productType = "com.apple.product-type.tool";
		};
/* End PBXNativeTarget section */

/* Begin PBXProject section */
		04B0F17B1FEB05740029E0C3 /* Project object */ = {
			isa = PBXProject;
			attributes = {
				LastUpgradeCheck = 0730;
				ORGANIZATIONNAME = Jack;
				TargetAttributes = {
					04B0F1821FEB05740029E0C3 = {
						CreatedOnToolsVersion = 7.3.1;
					};
				};
			};
			buildConfigurationList = 04B0F17E1FEB05740029E0C3 /* Build configuration list for PBXProject "Impossible" */;
			compatibilityVersion = "Xcode 3.2";
			developmentRegion = English;
			hasScannedForEncodings = 0;
			knownRegions = (
				en,
			);
			mainGroup = 04B0F17A1FEB05740029E0C3;
			productRefGroup = 04B0F1841FEB05740029E0C3 /* Products */;
			projectDirPath = "";
			projectRoot = "";
			targets = (
				04B0F1821FEB05740029E0C3 /* Impossible */,
			);
		};
/* End PBXProject section */

/* Begin PBXSourcesBuildPhase section */
		04B0F17F1FEB05740029E0C3 /* Sources */ = {
			isa = PBXSourcesBuildPhase;
			buildActionMask = 2147483647;
			files = (
				04B0F1BA1FEB06580029E0C3 /* vm.cpp in Sources */,
				04B0F1B41FEB06580029E0C3 /* lazy.cpp in Sources */,
				04B0F1B31FEB06580029E0C3 /* instruction.cpp in Sources */,
				04B0F1AF1FEB06580029E0C3 /* code.cpp in Sources */,
				04B0F1B61FEB06580029E0C3 /* SimpleValue.cpp in Sources */,
				04B0F1BB1FEB06580029E0C3 /* VTable.cpp in Sources */,
				04B0F1BF1FEB08920029E0C3 /* lex.yy.cpp in Sources */,
				04B0F1B01FEB06580029E0C3 /* CompositeValue.cpp in Sources */,
				04B0F1B11FEB06580029E0C3 /* help.cpp in Sources */,
				04B0F1B51FEB06580029E0C3 /* main.cpp in Sources */,
				04B0F1B21FEB06580029E0C3 /* impossible.tab.cpp in Sources */,
				04B0F1B81FEB06580029E0C3 /* Value.cpp in Sources */,
				04B0F1B71FEB06580029E0C3 /* tests.cpp in Sources */,
				04B0F1B91FEB06580029E0C3 /* Values.cpp in Sources */,
			);
			runOnlyForDeploymentPostprocessing = 0;
		};
/* End PBXSourcesBuildPhase section */

/* Begin XCBuildConfiguration section */
		04B0F1881FEB05740029E0C3 /* Debug */ = {
			isa = XCBuildConfiguration;
			buildSettings = {
				ALWAYS_SEARCH_USER_PATHS = NO;
				CLANG_ANALYZER_NONNULL = YES;
				CLANG_CXX_LANGUAGE_STANDARD = "gnu++0x";
				CLANG_CXX_LIBRARY = "libc++";
				CLANG_ENABLE_MODULES = YES;
				CLANG_ENABLE_OBJC_ARC = YES;
				CLANG_WARN_BOOL_CONVERSION = YES;
				CLANG_WARN_CONSTANT_CONVERSION = YES;
				CLANG_WARN_DIRECT_OBJC_ISA_USAGE = YES_ERROR;
				CLANG_WARN_EMPTY_BODY = YES;
				CLANG_WARN_ENUM_CONVERSION = YES;
				CLANG_WARN_INT_CONVERSION = YES;
				CLANG_WARN_OBJC_ROOT_CLASS = YES_ERROR;
				CLANG_WARN_UNREACHABLE_CODE = YES;
				CLANG_WARN__DUPLICATE_METHOD_MATCH = YES;
				CODE_SIGN_IDENTITY = "-";
				COPY_PHASE_STRIP = NO;
				DEBUG_INFORMATION_FORMAT = dwarf;
				ENABLE_STRICT_OBJC_MSGSEND = YES;
				ENABLE_TESTABILITY = YES;
				GCC_C_LANGUAGE_STANDARD = gnu99;
				GCC_DYNAMIC_NO_PIC = NO;
				GCC_NO_COMMON_BLOCKS = YES;
				GCC_OPTIMIZATION_LEVEL = 0;
				GCC_PREPROCESSOR_DEFINITIONS = (
					"DEBUG=1",
					"$(inherited)",
				);
				GCC_WARN_64_TO_32_BIT_CONVERSION = YES;
				GCC_WARN_ABOUT_RETURN_TYPE = YES_ERROR;
				GCC_WARN_UNDECLARED_SELECTOR = YES;
				GCC_WARN_UNINITIALIZED_AUTOS = YES_AGGRESSIVE;
				GCC_WARN_UNUSED_FUNCTION = YES;
				GCC_WARN_UNUSED_VARIABLE = YES;
				MACOSX_DEPLOYMENT_TARGET = 10.11;
				MTL_ENABLE_DEBUG_INFO = YES;
				ONLY_ACTIVE_ARCH = YES;
				SDKROOT = macosx;
			};
			name = Debug;
		};
		04B0F1891FEB05740029E0C3 /* Release */ = {
			isa = XCBuildConfiguration;
			buildSettings = {
				ALWAYS_SEARCH_USER_PATHS = NO;
				CLANG_ANALYZER_NONNULL = YES;
				CLANG_CXX_LANGUAGE_STANDARD = "gnu++0x";
				CLANG_CXX_LIBRARY = "libc++";
				CLANG_ENABLE_MODULES = YES;
				CLANG_ENABLE_OBJC_ARC = YES;
				CLANG_WARN_BOOL_CONVERSION = YES;
				CLANG_WARN_CONSTANT_CONVERSION = YES;
				CLANG_WARN_DIRECT_OBJC_ISA_USAGE = YES_ERROR;
				CLANG_WARN_EMPTY_BODY = YES;
				CLANG_WARN_ENUM_CONVERSION = YES;
				CLANG_WARN_INT_CONVERSION = YES;
				CLANG_WARN_OBJC_ROOT_CLASS = YES_ERROR;
				CLANG_WARN_UNREACHABLE_CODE = YES;
				CLANG_WARN__DUPLICATE_METHOD_MATCH = YES;
				CODE_SIGN_IDENTITY = "-";
				COPY_PHASE_STRIP = NO;
				DEBUG_INFORMATION_FORMAT = "dwarf-with-dsym";
				ENABLE_NS_ASSERTIONS = NO;
				ENABLE_STRICT_OBJC_MSGSEND = YES;
				GCC_C_LANGUAGE_STANDARD = gnu99;
				GCC_NO_COMMON_BLOCKS = YES;
				GCC_WARN_64_TO_32_BIT_CONVERSION = YES;
				GCC_WARN_ABOUT_RETURN_TYPE = YES_ERROR;
				GCC_WARN_UNDECLARED_SELECTOR = YES;
				GCC_WARN_UNINITIALIZED_AUTOS = YES_AGGRESSIVE;
				GCC_WARN_UNUSED_FUNCTION = YES;
				GCC_WARN_UNUSED_VARIABLE = YES;
				MACOSX_DEPLOYMENT_TARGET = 10.11;
				MTL_ENABLE_DEBUG_INFO = NO;
				SDKROOT = macosx;
			};
			name = Release;
		};
		04B0F18B1FEB05740029E0C3 /* Debug */ = {
			isa = XCBuildConfiguration;
			buildSettings = {
				PRODUCT_NAME = "$(TARGET_NAME)";
			};
			name = Debug;
		};
		04B0F18C1FEB05740029E0C3 /* Release */ = {
			isa = XCBuildConfiguration;
			buildSettings = {
				PRODUCT_NAME = "$(TARGET_NAME)";
			};
			name = Release;
		};
/* End XCBuildConfiguration section */

/* Begin XCConfigurationList section */
		04B0F17E1FEB05740029E0C3 /* Build configuration list for PBXProject "Impossible" */ = {
			isa = XCConfigurationList;
			buildConfigurations = (
				04B0F1881FEB05740029E0C3 /* Debug */,
				04B0F1891FEB05740029E0C3 /* Release */,
			);
			defaultConfigurationIsVisible = 0;
			defaultConfigurationName = Release;
		};
		04B0F18A1FEB05740029E0C3 /* Build configuration list for PBXNativeTarget "Impossible" */ = {
			isa = XCConfigurationList;
			buildConfigurations = (
				04B0F18B1FEB05740029E0C3 /* Debug */,
				04B0F18C1FEB05740029E0C3 /* Release */,
			);
			defaultConfigurationIsVisible = 0;
			defaultConfigurationName = Release;
		};
/* End XCConfigurationList section */
	};
	rootObject = 04B0F17B1FEB05740029E0C3 /* Project object */;
}
