<?xml version="1.0" encoding="utf-8"?>
<Project ToolsVersion="4.0" xmlns="http://schemas.microsoft.com/developer/msbuild/2003">
  <ItemGroup>
    <Filter Include="src">
      <UniqueIdentifier>{52f1e2ac-4fae-46e4-ae7d-133efb19351b}</UniqueIdentifier>
    </Filter>
    <Filter Include="src\vm">
      <UniqueIdentifier>{737cd82f-90d9-420c-9003-abbdd9ab9f9f}</UniqueIdentifier>
    </Filter>
    <Filter Include="src\types">
      <UniqueIdentifier>{b6fc49df-249b-45ca-af09-e3977f792120}</UniqueIdentifier>
    </Filter>
    <Filter Include="src\parser">
      <UniqueIdentifier>{93cdd0da-6f9b-4c91-a407-bbeeba65db2a}</UniqueIdentifier>
    </Filter>
  </ItemGroup>
  <ItemGroup>
    <ClInclude Include="..\..\..\src\semantics.h">
      <Filter>src</Filter>
    </ClInclude>
    <ClInclude Include="..\..\..\src\value.h">
      <Filter>src</Filter>
    </ClInclude>
    <ClInclude Include="..\..\..\src\vm.h">
      <Filter>src</Filter>
    </ClInclude>
    <ClInclude Include="..\..\..\src\code.h">
      <Filter>src</Filter>
    </ClInclude>
    <ClInclude Include="..\..\..\src\collection.h">
      <Filter>src</Filter>
    </ClInclude>
    <ClInclude Include="..\..\..\src\defines.h">
      <Filter>src</Filter>
    </ClInclude>
    <ClInclude Include="..\..\..\src\help.h">
      <Filter>src</Filter>
    </ClInclude>
    <ClInclude Include="..\..\..\src\instruction.h">
      <Filter>src</Filter>
    </ClInclude>
    <ClInclude Include="..\..\..\src\vm\analysis.h">
      <Filter>src\vm</Filter>
    </ClInclude>
    <ClInclude Include="..\..\..\src\vm\heap.h">
      <Filter>src\vm</Filter>
    </ClInclude>
    <ClInclude Include="..\..\..\src\types\regexpr.h">
      <Filter>src\types</Filter>
    </ClInclude>
    <ClInclude Include="..\..\..\src\types\traits.h">
      <Filter>src\types</Filter>
    </ClInclude>
    <ClInclude Include="..\..\..\src\types\error.h">
      <Filter>src\types</Filter>
    </ClInclude>
    <ClInclude Include="..\..\..\src\types\lazy.h">
      <Filter>src\types</Filter>
    </ClInclude>
    <ClInclude Include="..\..\..\src\types\range.h">
      <Filter>src\types</Filter>
    </ClInclude>
    <ClInclude Include="..\..\..\src\parser\compiler.h">
      <Filter>src\parser</Filter>
    </ClInclude>
    <ClInclude Include="..\..\..\src\parser\lexer.h">
      <Filter>src\parser</Filter>
    </ClInclude>
  </ItemGroup>
  <ItemGroup>
    <ClCompile Include="..\..\..\src\value.cpp">
      <Filter>src</Filter>
    </ClCompile>
    <ClCompile Include="..\..\..\src\vm.cpp">
      <Filter>src</Filter>
    </ClCompile>
    <ClCompile Include="..\..\..\src\code.cpp">
      <Filter>src</Filter>
    </ClCompile>
    <ClCompile Include="..\..\..\src\collection.cpp">
      <Filter>src</Filter>
    </ClCompile>
    <ClCompile Include="..\..\..\src\help.cpp">
      <Filter>src</Filter>
    </ClCompile>
    <ClCompile Include="..\..\..\src\instruction.cpp">
      <Filter>src</Filter>
    </ClCompile>
    <ClCompile Include="..\..\..\src\main.cpp">
      <Filter>src</Filter>
    </ClCompile>
    <ClCompile Include="..\..\..\src\microcode.cpp">
      <Filter>src</Filter>
    </ClCompile>
    <ClCompile Include="..\..\..\src\semantics.cpp">
      <Filter>src</Filter>
    </ClCompile>
    <ClCompile Include="..\..\..\src\vm\heap.cpp">
      <Filter>src\vm</Filter>
    </ClCompile>
    <ClCompile Include="..\..\..\src\types\traits.cpp">
      <Filter>src\types</Filter>
    </ClCompile>
    <ClCompile Include="..\..\..\src\types\lazy.cpp">
      <Filter>src\types</Filter>
    </ClCompile>
    <ClCompile Include="..\..\..\src\parser\compiler.cpp">
      <Filter>src\parser</Filter>
    </ClCompile>
    <ClCompile Include="..\..\..\src\parser\lexer.cpp">
      <Filter>src\parser</Filter>
    </ClCompile>
    <ClCompile Include="..\..\..\src\parser\parser.cpp">
      <Filter>src\parser</Filter>
    </ClCompile>
  </ItemGroup>
</Project>