<?xml version="1.0" encoding="utf-8"?>
<Project ToolsVersion="4.0" xmlns="http://schemas.microsoft.com/developer/msbuild/2003">
  <ItemGroup>
    <Filter Include="src">
      <UniqueIdentifier>{01b5a33a-a04c-4de4-8cee-1e55d3fab94c}</UniqueIdentifier>
    </Filter>
    <Filter Include="src\vm">
      <UniqueIdentifier>{051bdb77-fd4b-4700-858d-7a15978efd8f}</UniqueIdentifier>
    </Filter>
    <Filter Include="src\types">
      <UniqueIdentifier>{ffea3ebc-3483-4dc6-a1bf-22e1245d096d}</UniqueIdentifier>
    </Filter>
    <Filter Include="src\parser">
      <UniqueIdentifier>{2e2ed4b4-d307-47bc-a745-7ac177360f43}</UniqueIdentifier>
    </Filter>
  </ItemGroup>
  <ItemGroup>
    <ClInclude Include="$(MSBuildThisFileDirectory)..\..\..\src\semantics.h">
      <Filter>src</Filter>
    </ClInclude>
    <ClInclude Include="$(MSBuildThisFileDirectory)..\..\..\src\value.h">
      <Filter>src</Filter>
    </ClInclude>
    <ClInclude Include="$(MSBuildThisFileDirectory)..\..\..\src\vm.h">
      <Filter>src</Filter>
    </ClInclude>
    <ClInclude Include="$(MSBuildThisFileDirectory)..\..\..\src\code.h">
      <Filter>src</Filter>
    </ClInclude>
    <ClInclude Include="$(MSBuildThisFileDirectory)..\..\..\src\collection.h">
      <Filter>src</Filter>
    </ClInclude>
    <ClInclude Include="$(MSBuildThisFileDirectory)..\..\..\src\defines.h">
      <Filter>src</Filter>
    </ClInclude>
    <ClInclude Include="$(MSBuildThisFileDirectory)..\..\..\src\help.h">
      <Filter>src</Filter>
    </ClInclude>
    <ClInclude Include="$(MSBuildThisFileDirectory)..\..\..\src\instruction.h">
      <Filter>src</Filter>
    </ClInclude>
    <ClInclude Include="$(MSBuildThisFileDirectory)..\..\..\src\vm\analysis.h">
      <Filter>src\vm</Filter>
    </ClInclude>
    <ClInclude Include="$(MSBuildThisFileDirectory)..\..\..\src\vm\heap.h">
      <Filter>src\vm</Filter>
    </ClInclude>
    <ClInclude Include="$(MSBuildThisFileDirectory)..\..\..\src\types\regexpr.h">
      <Filter>src\types</Filter>
    </ClInclude>
    <ClInclude Include="$(MSBuildThisFileDirectory)..\..\..\src\types\traits.h">
      <Filter>src\types</Filter>
    </ClInclude>
    <ClInclude Include="$(MSBuildThisFileDirectory)..\..\..\src\types\error.h">
      <Filter>src\types</Filter>
    </ClInclude>
    <ClInclude Include="$(MSBuildThisFileDirectory)..\..\..\src\types\lazy.h">
      <Filter>src\types</Filter>
    </ClInclude>
    <ClInclude Include="$(MSBuildThisFileDirectory)..\..\..\src\types\range.h">
      <Filter>src\types</Filter>
    </ClInclude>
    <ClInclude Include="$(MSBuildThisFileDirectory)..\..\..\src\parser\compiler.h">
      <Filter>src\parser</Filter>
    </ClInclude>
    <ClInclude Include="$(MSBuildThisFileDirectory)..\..\..\src\parser\lexer.h">
      <Filter>src\parser</Filter>
    </ClInclude>
  </ItemGroup>
  <ItemGroup>
    <ClCompile Include="$(MSBuildThisFileDirectory)..\..\..\src\value.cpp">
      <Filter>src</Filter>
    </ClCompile>
    <ClCompile Include="$(MSBuildThisFileDirectory)..\..\..\src\vm.cpp">
      <Filter>src</Filter>
    </ClCompile>
    <ClCompile Include="$(MSBuildThisFileDirectory)..\..\..\src\code.cpp">
      <Filter>src</Filter>
    </ClCompile>
    <ClCompile Include="$(MSBuildThisFileDirectory)..\..\..\src\collection.cpp">
      <Filter>src</Filter>
    </ClCompile>
    <ClCompile Include="$(MSBuildThisFileDirectory)..\..\..\src\help.cpp">
      <Filter>src</Filter>
    </ClCompile>
    <ClCompile Include="$(MSBuildThisFileDirectory)..\..\..\src\instruction.cpp">
      <Filter>src</Filter>
    </ClCompile>
    <ClCompile Include="$(MSBuildThisFileDirectory)..\..\..\src\microcode.cpp">
      <Filter>src</Filter>
    </ClCompile>
    <ClCompile Include="$(MSBuildThisFileDirectory)..\..\..\src\semantics.cpp">
      <Filter>src</Filter>
    </ClCompile>
    <ClCompile Include="$(MSBuildThisFileDirectory)..\..\..\src\vm\heap.cpp">
      <Filter>src\vm</Filter>
    </ClCompile>
    <ClCompile Include="$(MSBuildThisFileDirectory)..\..\..\src\types\traits.cpp">
      <Filter>src\types</Filter>
    </ClCompile>
    <ClCompile Include="$(MSBuildThisFileDirectory)..\..\..\src\types\lazy.cpp">
      <Filter>src\types</Filter>
    </ClCompile>
    <ClCompile Include="$(MSBuildThisFileDirectory)..\..\..\src\parser\compiler.cpp">
      <Filter>src\parser</Filter>
    </ClCompile>
    <ClCompile Include="$(MSBuildThisFileDirectory)..\..\..\src\parser\lexer.cpp">
      <Filter>src\parser</Filter>
    </ClCompile>
    <ClCompile Include="$(MSBuildThisFileDirectory)..\..\..\src\parser\parser.cpp">
      <Filter>src\parser</Filter>
    </ClCompile>
  </ItemGroup>
  <ItemGroup>
    <None Include="$(MSBuildThisFileDirectory)..\..\..\src\parser\impossible.l">
      <Filter>src\parser</Filter>
    </None>
    <None Include="$(MSBuildThisFileDirectory)..\..\..\src\parser\impossible.ypp">
      <Filter>src\parser</Filter>
    </None>
  </ItemGroup>
</Project>